
Microsoft Visual Studio Solution File, Format Version 12.00
# Visual Studio Version 17
VisualStudioVersion = 17.2.32630.192
MinimumVisualStudioVersion = 10.0.40219.1
Project("{8BC9CEB8-8B4A-11D0-8D11-00A0C91BC942}") = "DSA1", "DSA1\DSA1.vcxproj", "{9CD81208-A2A8-48CC-9651-B82BE275E291}"
EndProject
Project("{8BC9CEB8-8B4A-11D0-8D11-00A0C91BC942}") = "DemoPointers", "DemoPointers\DemoPointers.vcxproj", "{0E116F12-2404-406D-9659-1C02CBD30D4D}"
EndProject
Project("{8BC9CEB8-8B4A-11D0-8D11-00A0C91BC942}") = "DemoPointersCont", "DemoPointersCont\DemoPointersCont.vcxproj", "{F75B7CAD-5ABE-45C1-AB65-5AAA4087F195}"
EndProject
Project("{8BC9CEB8-8B4A-11D0-8D11-00A0C91BC942}") = "DemoRuleOfThree", "DemoRuleOfThree\DemoRuleOfThree.vcxproj", "{5202D531-2A10-4031-BF8E-1435516187B2}"
EndProject
Project("{8BC9CEB8-8B4A-11D0-8D11-00A0C91BC942}") = "DemoFunctionPointers", "DemoFunctionPointers\DemoFunctionPointers.vcxproj", "{F0EA5CD5-EAA4-40E9-AC08-9BF3CFF2B7D8}"
EndProject
Project("{8BC9CEB8-8B4A-11D0-8D11-00A0C91BC942}") = "DemoBox2D", "DemoBox2D\DemoBox2D.vcxproj", "{BC367580-B416-40CA-848A-08DEE5B3F9C8}"
EndProject
Project("{8BC9CEB8-8B4A-11D0-8D11-00A0C91BC942}") = "DemoContinousInput", "DemoContinousInput\DemoContinousInput.vcxproj", "{2EC14749-E67F-4BE3-A7D2-6F9E8BE21414}"
EndProject
Project("{8BC9CEB8-8B4A-11D0-8D11-00A0C91BC942}") = "DemoClasses", "DemoClasses\DemoClasses.vcxproj", "{925A042A-2158-4ED4-87CD-D77C0963DDDF}"
EndProject
Project("{8BC9CEB8-8B4A-11D0-8D11-00A0C91BC942}") = "DemoClassesPt2", "DemoClassesPt2\DemoClassesPt2.vcxproj", "{84D4AA56-6778-444B-B7C0-8FEFD519A3B8}"
EndProject
Project("{8BC9CEB8-8B4A-11D0-8D11-00A0C91BC942}") = "DemoFunctions", "DemoFunctions\DemoFunctions.vcxproj", "{53A92BB1-B3C4-482D-8775-114275B4E2CB}"
EndProject
Project("{8BC9CEB8-8B4A-11D0-8D11-00A0C91BC942}") = "DemoDebug", "DemoDebug\DemoDebug.vcxproj", "{ADECDAEE-06CC-40CA-8399-065D8DEF6161}"
EndProject
Global
	GlobalSection(SolutionConfigurationPlatforms) = preSolution
		Debug|x64 = Debug|x64
		Debug|x86 = Debug|x86
		Release|x64 = Release|x64
		Release|x86 = Release|x86
	EndGlobalSection
	GlobalSection(ProjectConfigurationPlatforms) = postSolution
		{9CD81208-A2A8-48CC-9651-B82BE275E291}.Debug|x64.ActiveCfg = Debug|x64
		{9CD81208-A2A8-48CC-9651-B82BE275E291}.Debug|x64.Build.0 = Debug|x64
		{9CD81208-A2A8-48CC-9651-B82BE275E291}.Debug|x86.ActiveCfg = Debug|Win32
		{9CD81208-A2A8-48CC-9651-B82BE275E291}.Debug|x86.Build.0 = Debug|Win32
		{9CD81208-A2A8-48CC-9651-B82BE275E291}.Release|x64.ActiveCfg = Release|x64
		{9CD81208-A2A8-48CC-9651-B82BE275E291}.Release|x64.Build.0 = Release|x64
		{9CD81208-A2A8-48CC-9651-B82BE275E291}.Release|x86.ActiveCfg = Release|Win32
		{9CD81208-A2A8-48CC-9651-B82BE275E291}.Release|x86.Build.0 = Release|Win32
		{0E116F12-2404-406D-9659-1C02CBD30D4D}.Debug|x64.ActiveCfg = Debug|x64
		{0E116F12-2404-406D-9659-1C02CBD30D4D}.Debug|x64.Build.0 = Debug|x64
		{0E116F12-2404-406D-9659-1C02CBD30D4D}.Debug|x86.ActiveCfg = Debug|Win32
		{0E116F12-2404-406D-9659-1C02CBD30D4D}.Debug|x86.Build.0 = Debug|Win32
		{0E116F12-2404-406D-9659-1C02CBD30D4D}.Release|x64.ActiveCfg = Release|x64
		{0E116F12-2404-406D-9659-1C02CBD30D4D}.Release|x64.Build.0 = Release|x64
		{0E116F12-2404-406D-9659-1C02CBD30D4D}.Release|x86.ActiveCfg = Release|Win32
		{0E116F12-2404-406D-9659-1C02CBD30D4D}.Release|x86.Build.0 = Release|Win32
		{F75B7CAD-5ABE-45C1-AB65-5AAA4087F195}.Debug|x64.ActiveCfg = Debug|x64
		{F75B7CAD-5ABE-45C1-AB65-5AAA4087F195}.Debug|x64.Build.0 = Debug|x64
		{F75B7CAD-5ABE-45C1-AB65-5AAA4087F195}.Debug|x86.ActiveCfg = Debug|Win32
		{F75B7CAD-5ABE-45C1-AB65-5AAA4087F195}.Debug|x86.Build.0 = Debug|Win32
		{F75B7CAD-5ABE-45C1-AB65-5AAA4087F195}.Release|x64.ActiveCfg = Release|x64
		{F75B7CAD-5ABE-45C1-AB65-5AAA4087F195}.Release|x64.Build.0 = Release|x64
		{F75B7CAD-5ABE-45C1-AB65-5AAA4087F195}.Release|x86.ActiveCfg = Release|Win32
		{F75B7CAD-5ABE-45C1-AB65-5AAA4087F195}.Release|x86.Build.0 = Release|Win32
		{5202D531-2A10-4031-BF8E-1435516187B2}.Debug|x64.ActiveCfg = Debug|x64
		{5202D531-2A10-4031-BF8E-1435516187B2}.Debug|x64.Build.0 = Debug|x64
		{5202D531-2A10-4031-BF8E-1435516187B2}.Debug|x86.ActiveCfg = Debug|Win32
		{5202D531-2A10-4031-BF8E-1435516187B2}.Debug|x86.Build.0 = Debug|Win32
		{5202D531-2A10-4031-BF8E-1435516187B2}.Release|x64.ActiveCfg = Release|x64
		{5202D531-2A10-4031-BF8E-1435516187B2}.Release|x64.Build.0 = Release|x64
		{5202D531-2A10-4031-BF8E-1435516187B2}.Release|x86.ActiveCfg = Release|Win32
		{5202D531-2A10-4031-BF8E-1435516187B2}.Release|x86.Build.0 = Release|Win32
		{F0EA5CD5-EAA4-40E9-AC08-9BF3CFF2B7D8}.Debug|x64.ActiveCfg = Debug|x64
		{F0EA5CD5-EAA4-40E9-AC08-9BF3CFF2B7D8}.Debug|x64.Build.0 = Debug|x64
		{F0EA5CD5-EAA4-40E9-AC08-9BF3CFF2B7D8}.Debug|x86.ActiveCfg = Debug|Win32
		{F0EA5CD5-EAA4-40E9-AC08-9BF3CFF2B7D8}.Debug|x86.Build.0 = Debug|Win32
		{F0EA5CD5-EAA4-40E9-AC08-9BF3CFF2B7D8}.Release|x64.ActiveCfg = Release|x64
		{F0EA5CD5-EAA4-40E9-AC08-9BF3CFF2B7D8}.Release|x64.Build.0 = Release|x64
		{F0EA5CD5-EAA4-40E9-AC08-9BF3CFF2B7D8}.Release|x86.ActiveCfg = Release|Win32
		{F0EA5CD5-EAA4-40E9-AC08-9BF3CFF2B7D8}.Release|x86.Build.0 = Release|Win32
		{BC367580-B416-40CA-848A-08DEE5B3F9C8}.Debug|x64.ActiveCfg = Debug|x64
		{BC367580-B416-40CA-848A-08DEE5B3F9C8}.Debug|x64.Build.0 = Debug|x64
		{BC367580-B416-40CA-848A-08DEE5B3F9C8}.Debug|x86.ActiveCfg = Debug|Win32
		{BC367580-B416-40CA-848A-08DEE5B3F9C8}.Debug|x86.Build.0 = Debug|Win32
		{BC367580-B416-40CA-848A-08DEE5B3F9C8}.Release|x64.ActiveCfg = Release|x64
		{BC367580-B416-40CA-848A-08DEE5B3F9C8}.Release|x64.Build.0 = Release|x64
		{BC367580-B416-40CA-848A-08DEE5B3F9C8}.Release|x86.ActiveCfg = Release|Win32
		{BC367580-B416-40CA-848A-08DEE5B3F9C8}.Release|x86.Build.0 = Release|Win32
		{2EC14749-E67F-4BE3-A7D2-6F9E8BE21414}.Debug|x64.ActiveCfg = Debug|x64
		{2EC14749-E67F-4BE3-A7D2-6F9E8BE21414}.Debug|x64.Build.0 = Debug|x64
		{2EC14749-E67F-4BE3-A7D2-6F9E8BE21414}.Debug|x86.ActiveCfg = Debug|Win32
		{2EC14749-E67F-4BE3-A7D2-6F9E8BE21414}.Debug|x86.Build.0 = Debug|Win32
		{2EC14749-E67F-4BE3-A7D2-6F9E8BE21414}.Release|x64.ActiveCfg = Release|x64
		{2EC14749-E67F-4BE3-A7D2-6F9E8BE21414}.Release|x64.Build.0 = Release|x64
		{2EC14749-E67F-4BE3-A7D2-6F9E8BE21414}.Release|x86.ActiveCfg = Release|Win32
		{2EC14749-E67F-4BE3-A7D2-6F9E8BE21414}.Release|x86.Build.0 = Release|Win32
		{925A042A-2158-4ED4-87CD-D77C0963DDDF}.Debug|x64.ActiveCfg = Debug|x64
		{925A042A-2158-4ED4-87CD-D77C0963DDDF}.Debug|x64.Build.0 = Debug|x64
		{925A042A-2158-4ED4-87CD-D77C0963DDDF}.Debug|x86.ActiveCfg = Debug|Win32
		{925A042A-2158-4ED4-87CD-D77C0963DDDF}.Debug|x86.Build.0 = Debug|Win32
		{925A042A-2158-4ED4-87CD-D77C0963DDDF}.Release|x64.ActiveCfg = Release|x64
		{925A042A-2158-4ED4-87CD-D77C0963DDDF}.Release|x64.Build.0 = Release|x64
		{925A042A-2158-4ED4-87CD-D77C0963DDDF}.Release|x86.ActiveCfg = Release|Win32
		{925A042A-2158-4ED4-87CD-D77C0963DDDF}.Release|x86.Build.0 = Release|Win32
		{84D4AA56-6778-444B-B7C0-8FEFD519A3B8}.Debug|x64.ActiveCfg = Debug|x64
		{84D4AA56-6778-444B-B7C0-8FEFD519A3B8}.Debug|x64.Build.0 = Debug|x64
		{84D4AA56-6778-444B-B7C0-8FEFD519A3B8}.Debug|x86.ActiveCfg = Debug|Win32
		{84D4AA56-6778-444B-B7C0-8FEFD519A3B8}.Debug|x86.Build.0 = Debug|Win32
		{84D4AA56-6778-444B-B7C0-8FEFD519A3B8}.Release|x64.ActiveCfg = Release|x64
		{84D4AA56-6778-444B-B7C0-8FEFD519A3B8}.Release|x64.Build.0 = Release|x64
		{84D4AA56-6778-444B-B7C0-8FEFD519A3B8}.Release|x86.ActiveCfg = Release|Win32
		{84D4AA56-6778-444B-B7C0-8FEFD519A3B8}.Release|x86.Build.0 = Release|Win32
		{53A92BB1-B3C4-482D-8775-114275B4E2CB}.Debug|x64.ActiveCfg = Debug|x64
		{53A92BB1-B3C4-482D-8775-114275B4E2CB}.Debug|x64.Build.0 = Debug|x64
		{53A92BB1-B3C4-482D-8775-114275B4E2CB}.Debug|x86.ActiveCfg = Debug|Win32
		{53A92BB1-B3C4-482D-8775-114275B4E2CB}.Debug|x86.Build.0 = Debug|Win32
		{53A92BB1-B3C4-482D-8775-114275B4E2CB}.Release|x64.ActiveCfg = Release|x64
		{53A92BB1-B3C4-482D-8775-114275B4E2CB}.Release|x64.Build.0 = Release|x64
		{53A92BB1-B3C4-482D-8775-114275B4E2CB}.Release|x86.ActiveCfg = Release|Win32
		{53A92BB1-B3C4-482D-8775-114275B4E2CB}.Release|x86.Build.0 = Release|Win32
		{ADECDAEE-06CC-40CA-8399-065D8DEF6161}.Debug|x64.ActiveCfg = Debug|x64
		{ADECDAEE-06CC-40CA-8399-065D8DEF6161}.Debug|x64.Build.0 = Debug|x64
		{ADECDAEE-06CC-40CA-8399-065D8DEF6161}.Debug|x86.ActiveCfg = Debug|Win32
		{ADECDAEE-06CC-40CA-8399-065D8DEF6161}.Debug|x86.Build.0 = Debug|Win32
		{ADECDAEE-06CC-40CA-8399-065D8DEF6161}.Release|x64.ActiveCfg = Release|x64
		{ADECDAEE-06CC-40CA-8399-065D8DEF6161}.Release|x64.Build.0 = Release|x64
		{ADECDAEE-06CC-40CA-8399-065D8DEF6161}.Release|x86.ActiveCfg = Release|Win32
		{ADECDAEE-06CC-40CA-8399-065D8DEF6161}.Release|x86.Build.0 = Release|Win32
	EndGlobalSection
	GlobalSection(SolutionProperties) = preSolution
		HideSolutionNode = FALSE
	EndGlobalSection
	GlobalSection(ExtensibilityGlobals) = postSolution
		SolutionGuid = {CF15EDEA-34F6-47E6-AA93-F8023A0AC457}
	EndGlobalSection
EndGlobal
